
Microsoft Visual Studio Solution File, Format Version 12.00
# Visual Studio Version 17
VisualStudioVersion = 17.0.32014.148
MinimumVisualStudioVersion = 10.0.40219.1
Project("{9A19103F-16F7-4668-BE54-9A1E7A4F7556}") = "SyslogTransfer", "SyslogTransfer\SyslogTransfer.csproj", "{A206C465-04C4-43FC-A2EA-E14C997D95A2}"
EndProject
Project("{FAE04EC0-301F-11D3-BF4B-00C04F79EFBC}") = "SyslogTransfer.PowerShell", "SyslogTransfer.PowerShell\SyslogTransfer.PowerShell.csproj", "{A506BEF9-BD2A-479B-A498-59C23C78CA40}"
EndProject
Project("{FAE04EC0-301F-11D3-BF4B-00C04F79EFBC}") = "SyslogTransfer.Cmd", "SyslogTransfer.Cmd\SyslogTransfer.Cmd.csproj", "{D9A21C59-C5B5-4278-995F-B18BB9BB1856}"
EndProject
Global
	GlobalSection(SolutionConfigurationPlatforms) = preSolution
		Debug|Any CPU = Debug|Any CPU
		Release|Any CPU = Release|Any CPU
	EndGlobalSection
	GlobalSection(ProjectConfigurationPlatforms) = postSolution
		{A206C465-04C4-43FC-A2EA-E14C997D95A2}.Debug|Any CPU.ActiveCfg = Debug|Any CPU
		{A206C465-04C4-43FC-A2EA-E14C997D95A2}.Debug|Any CPU.Build.0 = Debug|Any CPU
		{A206C465-04C4-43FC-A2EA-E14C997D95A2}.Release|Any CPU.ActiveCfg = Release|Any CPU
		{A206C465-04C4-43FC-A2EA-E14C997D95A2}.Release|Any CPU.Build.0 = Release|Any CPU
		{A506BEF9-BD2A-479B-A498-59C23C78CA40}.Debug|Any CPU.ActiveCfg = Debug|Any CPU
		{A506BEF9-BD2A-479B-A498-59C23C78CA40}.Debug|Any CPU.Build.0 = Debug|Any CPU
		{A506BEF9-BD2A-479B-A498-59C23C78CA40}.Release|Any CPU.ActiveCfg = Release|Any CPU
		{A506BEF9-BD2A-479B-A498-59C23C78CA40}.Release|Any CPU.Build.0 = Release|Any CPU
		{D9A21C59-C5B5-4278-995F-B18BB9BB1856}.Debug|Any CPU.ActiveCfg = Debug|Any CPU
		{D9A21C59-C5B5-4278-995F-B18BB9BB1856}.Debug|Any CPU.Build.0 = Debug|Any CPU
		{D9A21C59-C5B5-4278-995F-B18BB9BB1856}.Release|Any CPU.ActiveCfg = Release|Any CPU
		{D9A21C59-C5B5-4278-995F-B18BB9BB1856}.Release|Any CPU.Build.0 = Release|Any CPU
	EndGlobalSection
	GlobalSection(SolutionProperties) = preSolution
		HideSolutionNode = FALSE
	EndGlobalSection
	GlobalSection(ExtensibilityGlobals) = postSolution
		SolutionGuid = {302AC480-70FC-49DE-A523-A630EEAD15C3}
	EndGlobalSection
EndGlobal
